
Microsoft Visual Studio Solution File, Format Version 12.00
# Visual Studio 15
VisualStudioVersion = 15.0.28010.2041
MinimumVisualStudioVersion = 10.0.40219.1
Project("{9A19103F-16F7-4668-BE54-9A1E7A4F7556}") = "Andgasm.HelpInstruction.API", "Andgasm.HelpInstruction.API\Andgasm.HelpInstruction.API.csproj", "{F8CF7E15-2F51-4C1C-A3D3-4ECF3DEAFE9A}"
EndProject
Project("{9A19103F-16F7-4668-BE54-9A1E7A4F7556}") = "Andgasm.HelpInstruction.Web", "Andgasm.HelpInstruction.Web\Andgasm.HelpInstruction.Web.csproj", "{C1558B55-B0A6-4E98-9C43-187CB9F41F03}"
EndProject
Project("{9A19103F-16F7-4668-BE54-9A1E7A4F7556}") = "Andgasm.HelpInstruction.Web.Component", "Andgasm.HelpInstruction.Web.Component\Andgasm.HelpInstruction.Web.Component.csproj", "{5B654857-E09D-4E63-B92D-4E5F74662A29}"
EndProject
Project("{9A19103F-16F7-4668-BE54-9A1E7A4F7556}") = "Andgasm.HelpInstruction.API.Tests", "Andgasm.HelpInstruction.API.Tests\Andgasm.HelpInstruction.API.Tests.csproj", "{0CAE4038-552E-4288-A1FD-C0F339675745}"
EndProject
Project("{2150E333-8FDC-42A3-9474-1A3956D46DE8}") = "Tests", "Tests", "{F27D2AA7-7A05-43CF-BE5F-9FA85779A5F7}"
EndProject
Project("{2150E333-8FDC-42A3-9474-1A3956D46DE8}") = "Artifacts", "Artifacts", "{8025D5CE-9775-4F47-A586-6E19C70F8774}"
	ProjectSection(SolutionItems) = preProject
		CodeCoverage.runsettings = CodeCoverage.runsettings
		..\ReadMe.md = ..\ReadMe.md
	EndProjectSection
EndProject
Project("{FAE04EC0-301F-11D3-BF4B-00C04F79EFBC}") = "Andgasm.HelpInstruction.Web.UITests", "Andgasm.HelpInstruction.Web.UITests\Andgasm.HelpInstruction.Web.UITests.csproj", "{CF577E06-8C56-41D7-BF31-2546D1412441}"
EndProject
Global
	GlobalSection(SolutionConfigurationPlatforms) = preSolution
		Debug|Any CPU = Debug|Any CPU
		Release|Any CPU = Release|Any CPU
	EndGlobalSection
	GlobalSection(ProjectConfigurationPlatforms) = postSolution
		{F8CF7E15-2F51-4C1C-A3D3-4ECF3DEAFE9A}.Debug|Any CPU.ActiveCfg = Debug|Any CPU
		{F8CF7E15-2F51-4C1C-A3D3-4ECF3DEAFE9A}.Debug|Any CPU.Build.0 = Debug|Any CPU
		{F8CF7E15-2F51-4C1C-A3D3-4ECF3DEAFE9A}.Release|Any CPU.ActiveCfg = Release|Any CPU
		{F8CF7E15-2F51-4C1C-A3D3-4ECF3DEAFE9A}.Release|Any CPU.Build.0 = Release|Any CPU
		{C1558B55-B0A6-4E98-9C43-187CB9F41F03}.Debug|Any CPU.ActiveCfg = Debug|Any CPU
		{C1558B55-B0A6-4E98-9C43-187CB9F41F03}.Debug|Any CPU.Build.0 = Debug|Any CPU
		{C1558B55-B0A6-4E98-9C43-187CB9F41F03}.Release|Any CPU.ActiveCfg = Release|Any CPU
		{C1558B55-B0A6-4E98-9C43-187CB9F41F03}.Release|Any CPU.Build.0 = Release|Any CPU
		{5B654857-E09D-4E63-B92D-4E5F74662A29}.Debug|Any CPU.ActiveCfg = Debug|Any CPU
		{5B654857-E09D-4E63-B92D-4E5F74662A29}.Debug|Any CPU.Build.0 = Debug|Any CPU
		{5B654857-E09D-4E63-B92D-4E5F74662A29}.Release|Any CPU.ActiveCfg = Release|Any CPU
		{5B654857-E09D-4E63-B92D-4E5F74662A29}.Release|Any CPU.Build.0 = Release|Any CPU
		{0CAE4038-552E-4288-A1FD-C0F339675745}.Debug|Any CPU.ActiveCfg = Debug|Any CPU
		{0CAE4038-552E-4288-A1FD-C0F339675745}.Debug|Any CPU.Build.0 = Debug|Any CPU
		{0CAE4038-552E-4288-A1FD-C0F339675745}.Release|Any CPU.ActiveCfg = Release|Any CPU
		{0CAE4038-552E-4288-A1FD-C0F339675745}.Release|Any CPU.Build.0 = Release|Any CPU
		{CF577E06-8C56-41D7-BF31-2546D1412441}.Debug|Any CPU.ActiveCfg = Debug|Any CPU
		{CF577E06-8C56-41D7-BF31-2546D1412441}.Debug|Any CPU.Build.0 = Debug|Any CPU
		{CF577E06-8C56-41D7-BF31-2546D1412441}.Release|Any CPU.ActiveCfg = Release|Any CPU
		{CF577E06-8C56-41D7-BF31-2546D1412441}.Release|Any CPU.Build.0 = Release|Any CPU
	EndGlobalSection
	GlobalSection(SolutionProperties) = preSolution
		HideSolutionNode = FALSE
	EndGlobalSection
	GlobalSection(NestedProjects) = preSolution
		{0CAE4038-552E-4288-A1FD-C0F339675745} = {F27D2AA7-7A05-43CF-BE5F-9FA85779A5F7}
		{CF577E06-8C56-41D7-BF31-2546D1412441} = {F27D2AA7-7A05-43CF-BE5F-9FA85779A5F7}
	EndGlobalSection
	GlobalSection(ExtensibilityGlobals) = postSolution
		SolutionGuid = {29A0B79D-071D-406B-B7D7-16C636FBA8EE}
	EndGlobalSection
EndGlobal
